
Microsoft Visual Studio Solution File, Format Version 12.00
# Visual Studio Version 17
VisualStudioVersion = 17.6.33815.320
MinimumVisualStudioVersion = 10.0.40219.1
Project("{9A19103F-16F7-4668-BE54-9A1E7A4F7556}") = "FizzBuzzRunner", "FizzBuzzRunner\FizzBuzzRunner.csproj", "{C400D927-83C9-49AD-A83B-09FBCA56B772}"
EndProject
Project("{FAE04EC0-301F-11D3-BF4B-00C04F79EFBC}") = "FizzBuzzServiceTests", "FizzBuzzServiceTests\FizzBuzzServiceTests.csproj", "{FCAF131C-CDBC-40E4-A322-971558EC2FBB}"
EndProject
Project("{FAE04EC0-301F-11D3-BF4B-00C04F79EFBC}") = "FizzBuzzService", "FizzBuzzService\FizzBuzzService.csproj", "{695B3770-DAB3-43DF-B382-A9E967800F37}"
EndProject
Global
	GlobalSection(SolutionConfigurationPlatforms) = preSolution
		Debug|Any CPU = Debug|Any CPU
		Release|Any CPU = Release|Any CPU
	EndGlobalSection
	GlobalSection(ProjectConfigurationPlatforms) = postSolution
		{C400D927-83C9-49AD-A83B-09FBCA56B772}.Debug|Any CPU.ActiveCfg = Debug|Any CPU
		{C400D927-83C9-49AD-A83B-09FBCA56B772}.Debug|Any CPU.Build.0 = Debug|Any CPU
		{C400D927-83C9-49AD-A83B-09FBCA56B772}.Release|Any CPU.ActiveCfg = Release|Any CPU
		{C400D927-83C9-49AD-A83B-09FBCA56B772}.Release|Any CPU.Build.0 = Release|Any CPU
		{FCAF131C-CDBC-40E4-A322-971558EC2FBB}.Debug|Any CPU.ActiveCfg = Debug|Any CPU
		{FCAF131C-CDBC-40E4-A322-971558EC2FBB}.Debug|Any CPU.Build.0 = Debug|Any CPU
		{FCAF131C-CDBC-40E4-A322-971558EC2FBB}.Release|Any CPU.ActiveCfg = Release|Any CPU
		{FCAF131C-CDBC-40E4-A322-971558EC2FBB}.Release|Any CPU.Build.0 = Release|Any CPU
		{695B3770-DAB3-43DF-B382-A9E967800F37}.Debug|Any CPU.ActiveCfg = Debug|Any CPU
		{695B3770-DAB3-43DF-B382-A9E967800F37}.Debug|Any CPU.Build.0 = Debug|Any CPU
		{695B3770-DAB3-43DF-B382-A9E967800F37}.Release|Any CPU.ActiveCfg = Release|Any CPU
		{695B3770-DAB3-43DF-B382-A9E967800F37}.Release|Any CPU.Build.0 = Release|Any CPU
	EndGlobalSection
	GlobalSection(SolutionProperties) = preSolution
		HideSolutionNode = FALSE
	EndGlobalSection
	GlobalSection(ExtensibilityGlobals) = postSolution
		SolutionGuid = {E4374813-D4FF-43A3-AFB3-0BD0B2AD335D}
	EndGlobalSection
EndGlobal
